
Microsoft Visual Studio Solution File, Format Version 12.00
# Visual Studio Version 17
VisualStudioVersion = 17.11.35222.181
MinimumVisualStudioVersion = 10.0.40219.1
Project("{9A19103F-16F7-4668-BE54-9A1E7A4F7556}") = "DynamicFlightStorageUI", "DynamicFlightStorageUI\DynamicFlightStorageUI.csproj", "{1CFF9A64-F0B5-4002-B814-082F55D6A4F5}"
EndProject
Project("{9A19103F-16F7-4668-BE54-9A1E7A4F7556}") = "DynamicFlightStorageSimulation", "DynamicFlightStorageSimulation\DynamicFlightStorageSimulation.csproj", "{5BA9F695-D71B-484A-AC2E-9EEC371F95A4}"
EndProject
Project("{9A19103F-16F7-4668-BE54-9A1E7A4F7556}") = "DynamicFlightStorageDTOs", "DynamicFlightStorageDTOs\DynamicFlightStorageDTOs.csproj", "{433FF6EE-A740-48C5-9DF1-6495FFDAFBF6}"
EndProject
Project("{9A19103F-16F7-4668-BE54-9A1E7A4F7556}") = "FlightRequestCleaner", "scripts\FlightRequestCleaner\FlightRequestCleaner.csproj", "{4C5F2B69-5284-4849-92A4-B29CA2E75AC4}"
EndProject
Project("{2150E333-8FDC-42A3-9474-1A3956D46DE8}") = "scripts", "scripts", "{FAAA45D3-B333-4765-8E9C-154273EA7A2B}"
EndProject
Project("{2150E333-8FDC-42A3-9474-1A3956D46DE8}") = "EventDataStores", "EventDataStores", "{F618F1D0-7CB1-442B-8CCA-C90FF84D66AE}"
EndProject
Project("{9A19103F-16F7-4668-BE54-9A1E7A4F7556}") = "BasicEventDataStore", "EventDataStores\BasicEventDataStore\BasicEventDataStore.csproj", "{6BE40818-4AF0-4587-A8CC-DCB14D7ADE4A}"
EndProject
Project("{9A19103F-16F7-4668-BE54-9A1E7A4F7556}") = "ExperimentRunner", "ExperimentRunner\ExperimentRunner.csproj", "{EE572FBB-6F1F-4BD3-AF9E-F0382ADDA1E8}"
EndProject
Project("{9A19103F-16F7-4668-BE54-9A1E7A4F7556}") = "DynamicFlightTest", "DynamicFlightTest\DynamicFlightTest.csproj", "{F722C7DC-7782-4DCD-823A-02A07278356F}"
EndProject
Project("{9A19103F-16F7-4668-BE54-9A1E7A4F7556}") = "FlightGenerator", "scripts\FlightGenerator\FlightGenerator.csproj", "{4D18D77F-5706-4738-A4BC-EF7F0F8AAF28}"
EndProject
Project("{9A19103F-16F7-4668-BE54-9A1E7A4F7556}") = "SimplePostgreSQLDataStore", "EventDataStores\SimplePostgreSQLDataStore\SimplePostgreSQLDataStore.csproj", "{00240B2D-2701-4ED0-B92C-240121B6F7DF}"
EndProject
Project("{FAE04EC0-301F-11D3-BF4B-00C04F79EFBC}") = "OptimizedPostgreSQLDataStore", "EventDataStores\OptimizedPostgreSQLDataStore\OptimizedPostgreSQLDataStore.csproj", "{511915AD-0643-41F9-8E17-F66EF1AD3F23}"
EndProject
Project("{FAE04EC0-301F-11D3-BF4B-00C04F79EFBC}") = "SpatialGISTPostgreSQLDataStore", "EventDataStores\SpatialGISTPostgreSQLDataStore\SpatialGISTPostgreSQLDataStore.csproj", "{A354DC2C-0874-483C-B822-7E7AE148024C}"
EndProject
Project("{FAE04EC0-301F-11D3-BF4B-00C04F79EFBC}") = "Neo4jDataStore", "EventDataStores\Neo4jDataStore\Neo4jDataStore.csproj", "{E7B64365-3D92-4962-A1C3-1BC57D3430C9}"
EndProject
Project("{FAE04EC0-301F-11D3-BF4B-00C04F79EFBC}") = "SingleTablePostgreSQLDataStore", "EventDataStores\SingleTablePostgreSQLDataStore\SingleTablePostgreSQLDataStore.csproj", "{CAAEE191-B151-47F7-B9E9-D90CFDC4358E}"
EndProject
Project("{FAE04EC0-301F-11D3-BF4B-00C04F79EFBC}") = "ManyTablesPostgreSQLDataStore", "EventDataStores\ManyTablesPostgreSQLDataStore\ManyTablesPostgreSQLDataStore.csproj", "{2535D5B5-EC25-4985-A880-EC3511D5376A}"
EndProject
Project("{FAE04EC0-301F-11D3-BF4B-00C04F79EFBC}") = "SpatialGISTManyTablesPostgreSQLDataStore", "EventDataStores\SpatialGISTManyTablesPostgreSQLDataStore\SpatialGISTManyTablesPostgreSQLDataStore.csproj", "{A8CD79E7-7305-4A9B-9D79-6B3ADE776478}"
EndProject
Global
	GlobalSection(SolutionConfigurationPlatforms) = preSolution
		Debug|Any CPU = Debug|Any CPU
		Release|Any CPU = Release|Any CPU
	EndGlobalSection
	GlobalSection(ProjectConfigurationPlatforms) = postSolution
		{1CFF9A64-F0B5-4002-B814-082F55D6A4F5}.Debug|Any CPU.ActiveCfg = Debug|Any CPU
		{1CFF9A64-F0B5-4002-B814-082F55D6A4F5}.Debug|Any CPU.Build.0 = Debug|Any CPU
		{1CFF9A64-F0B5-4002-B814-082F55D6A4F5}.Release|Any CPU.ActiveCfg = Release|Any CPU
		{1CFF9A64-F0B5-4002-B814-082F55D6A4F5}.Release|Any CPU.Build.0 = Release|Any CPU
		{5BA9F695-D71B-484A-AC2E-9EEC371F95A4}.Debug|Any CPU.ActiveCfg = Debug|Any CPU
		{5BA9F695-D71B-484A-AC2E-9EEC371F95A4}.Debug|Any CPU.Build.0 = Debug|Any CPU
		{5BA9F695-D71B-484A-AC2E-9EEC371F95A4}.Release|Any CPU.ActiveCfg = Release|Any CPU
		{5BA9F695-D71B-484A-AC2E-9EEC371F95A4}.Release|Any CPU.Build.0 = Release|Any CPU
		{433FF6EE-A740-48C5-9DF1-6495FFDAFBF6}.Debug|Any CPU.ActiveCfg = Debug|Any CPU
		{433FF6EE-A740-48C5-9DF1-6495FFDAFBF6}.Debug|Any CPU.Build.0 = Debug|Any CPU
		{433FF6EE-A740-48C5-9DF1-6495FFDAFBF6}.Release|Any CPU.ActiveCfg = Release|Any CPU
		{433FF6EE-A740-48C5-9DF1-6495FFDAFBF6}.Release|Any CPU.Build.0 = Release|Any CPU
		{4C5F2B69-5284-4849-92A4-B29CA2E75AC4}.Debug|Any CPU.ActiveCfg = Debug|Any CPU
		{4C5F2B69-5284-4849-92A4-B29CA2E75AC4}.Debug|Any CPU.Build.0 = Debug|Any CPU
		{4C5F2B69-5284-4849-92A4-B29CA2E75AC4}.Release|Any CPU.ActiveCfg = Release|Any CPU
		{4C5F2B69-5284-4849-92A4-B29CA2E75AC4}.Release|Any CPU.Build.0 = Release|Any CPU
		{6BE40818-4AF0-4587-A8CC-DCB14D7ADE4A}.Debug|Any CPU.ActiveCfg = Debug|Any CPU
		{6BE40818-4AF0-4587-A8CC-DCB14D7ADE4A}.Debug|Any CPU.Build.0 = Debug|Any CPU
		{6BE40818-4AF0-4587-A8CC-DCB14D7ADE4A}.Release|Any CPU.ActiveCfg = Release|Any CPU
		{6BE40818-4AF0-4587-A8CC-DCB14D7ADE4A}.Release|Any CPU.Build.0 = Release|Any CPU
		{EE572FBB-6F1F-4BD3-AF9E-F0382ADDA1E8}.Debug|Any CPU.ActiveCfg = Debug|Any CPU
		{EE572FBB-6F1F-4BD3-AF9E-F0382ADDA1E8}.Debug|Any CPU.Build.0 = Debug|Any CPU
		{EE572FBB-6F1F-4BD3-AF9E-F0382ADDA1E8}.Release|Any CPU.ActiveCfg = Release|Any CPU
		{EE572FBB-6F1F-4BD3-AF9E-F0382ADDA1E8}.Release|Any CPU.Build.0 = Release|Any CPU
		{F722C7DC-7782-4DCD-823A-02A07278356F}.Debug|Any CPU.ActiveCfg = Debug|Any CPU
		{F722C7DC-7782-4DCD-823A-02A07278356F}.Debug|Any CPU.Build.0 = Debug|Any CPU
		{F722C7DC-7782-4DCD-823A-02A07278356F}.Release|Any CPU.ActiveCfg = Release|Any CPU
		{F722C7DC-7782-4DCD-823A-02A07278356F}.Release|Any CPU.Build.0 = Release|Any CPU
		{4D18D77F-5706-4738-A4BC-EF7F0F8AAF28}.Debug|Any CPU.ActiveCfg = Debug|Any CPU
		{4D18D77F-5706-4738-A4BC-EF7F0F8AAF28}.Debug|Any CPU.Build.0 = Debug|Any CPU
		{4D18D77F-5706-4738-A4BC-EF7F0F8AAF28}.Release|Any CPU.ActiveCfg = Release|Any CPU
		{4D18D77F-5706-4738-A4BC-EF7F0F8AAF28}.Release|Any CPU.Build.0 = Release|Any CPU
		{00240B2D-2701-4ED0-B92C-240121B6F7DF}.Debug|Any CPU.ActiveCfg = Debug|Any CPU
		{00240B2D-2701-4ED0-B92C-240121B6F7DF}.Debug|Any CPU.Build.0 = Debug|Any CPU
		{00240B2D-2701-4ED0-B92C-240121B6F7DF}.Release|Any CPU.ActiveCfg = Release|Any CPU
		{00240B2D-2701-4ED0-B92C-240121B6F7DF}.Release|Any CPU.Build.0 = Release|Any CPU
		{511915AD-0643-41F9-8E17-F66EF1AD3F23}.Debug|Any CPU.ActiveCfg = Debug|Any CPU
		{511915AD-0643-41F9-8E17-F66EF1AD3F23}.Debug|Any CPU.Build.0 = Debug|Any CPU
		{511915AD-0643-41F9-8E17-F66EF1AD3F23}.Release|Any CPU.ActiveCfg = Release|Any CPU
		{511915AD-0643-41F9-8E17-F66EF1AD3F23}.Release|Any CPU.Build.0 = Release|Any CPU
		{A354DC2C-0874-483C-B822-7E7AE148024C}.Debug|Any CPU.ActiveCfg = Debug|Any CPU
		{A354DC2C-0874-483C-B822-7E7AE148024C}.Debug|Any CPU.Build.0 = Debug|Any CPU
		{A354DC2C-0874-483C-B822-7E7AE148024C}.Release|Any CPU.ActiveCfg = Release|Any CPU
		{A354DC2C-0874-483C-B822-7E7AE148024C}.Release|Any CPU.Build.0 = Release|Any CPU
		{E7B64365-3D92-4962-A1C3-1BC57D3430C9}.Debug|Any CPU.ActiveCfg = Debug|Any CPU
		{E7B64365-3D92-4962-A1C3-1BC57D3430C9}.Debug|Any CPU.Build.0 = Debug|Any CPU
		{E7B64365-3D92-4962-A1C3-1BC57D3430C9}.Release|Any CPU.ActiveCfg = Release|Any CPU
		{E7B64365-3D92-4962-A1C3-1BC57D3430C9}.Release|Any CPU.Build.0 = Release|Any CPU
		{CAAEE191-B151-47F7-B9E9-D90CFDC4358E}.Debug|Any CPU.ActiveCfg = Debug|Any CPU
		{CAAEE191-B151-47F7-B9E9-D90CFDC4358E}.Debug|Any CPU.Build.0 = Debug|Any CPU
		{CAAEE191-B151-47F7-B9E9-D90CFDC4358E}.Release|Any CPU.ActiveCfg = Release|Any CPU
		{CAAEE191-B151-47F7-B9E9-D90CFDC4358E}.Release|Any CPU.Build.0 = Release|Any CPU
		{2535D5B5-EC25-4985-A880-EC3511D5376A}.Debug|Any CPU.ActiveCfg = Debug|Any CPU
		{2535D5B5-EC25-4985-A880-EC3511D5376A}.Debug|Any CPU.Build.0 = Debug|Any CPU
		{2535D5B5-EC25-4985-A880-EC3511D5376A}.Release|Any CPU.ActiveCfg = Release|Any CPU
		{2535D5B5-EC25-4985-A880-EC3511D5376A}.Release|Any CPU.Build.0 = Release|Any CPU
		{A8CD79E7-7305-4A9B-9D79-6B3ADE776478}.Debug|Any CPU.ActiveCfg = Debug|Any CPU
		{A8CD79E7-7305-4A9B-9D79-6B3ADE776478}.Debug|Any CPU.Build.0 = Debug|Any CPU
		{A8CD79E7-7305-4A9B-9D79-6B3ADE776478}.Release|Any CPU.ActiveCfg = Release|Any CPU
		{A8CD79E7-7305-4A9B-9D79-6B3ADE776478}.Release|Any CPU.Build.0 = Release|Any CPU
	EndGlobalSection
	GlobalSection(SolutionProperties) = preSolution
		HideSolutionNode = FALSE
	EndGlobalSection
	GlobalSection(NestedProjects) = preSolution
		{4C5F2B69-5284-4849-92A4-B29CA2E75AC4} = {FAAA45D3-B333-4765-8E9C-154273EA7A2B}
		{6BE40818-4AF0-4587-A8CC-DCB14D7ADE4A} = {F618F1D0-7CB1-442B-8CCA-C90FF84D66AE}
		{4D18D77F-5706-4738-A4BC-EF7F0F8AAF28} = {FAAA45D3-B333-4765-8E9C-154273EA7A2B}
		{00240B2D-2701-4ED0-B92C-240121B6F7DF} = {F618F1D0-7CB1-442B-8CCA-C90FF84D66AE}
		{511915AD-0643-41F9-8E17-F66EF1AD3F23} = {F618F1D0-7CB1-442B-8CCA-C90FF84D66AE}
		{A354DC2C-0874-483C-B822-7E7AE148024C} = {F618F1D0-7CB1-442B-8CCA-C90FF84D66AE}
		{E7B64365-3D92-4962-A1C3-1BC57D3430C9} = {F618F1D0-7CB1-442B-8CCA-C90FF84D66AE}
		{CAAEE191-B151-47F7-B9E9-D90CFDC4358E} = {F618F1D0-7CB1-442B-8CCA-C90FF84D66AE}
		{2535D5B5-EC25-4985-A880-EC3511D5376A} = {F618F1D0-7CB1-442B-8CCA-C90FF84D66AE}
		{A8CD79E7-7305-4A9B-9D79-6B3ADE776478} = {F618F1D0-7CB1-442B-8CCA-C90FF84D66AE}
	EndGlobalSection
	GlobalSection(ExtensibilityGlobals) = postSolution
		SolutionGuid = {B1900E86-D897-43A4-8BD5-B4074AF1F004}
	EndGlobalSection
EndGlobal
